
Microsoft Visual Studio Solution File, Format Version 12.00
# Visual Studio 15
VisualStudioVersion = 15.0.28010.2026
MinimumVisualStudioVersion = 10.0.40219.1
Project("{FAE04EC0-301F-11D3-BF4B-00C04F79EFBC}") = "Epam.Task2.NumOfNumbers", "Epam.Task2.NumOfNumbers\Epam.Task2.NumOfNumbers.csproj", "{0BA289BC-185A-46DE-9B1E-705C110962DE}"
EndProject
Global
	GlobalSection(SolutionConfigurationPlatforms) = preSolution
		Debug|Any CPU = Debug|Any CPU
		Release|Any CPU = Release|Any CPU
	EndGlobalSection
	GlobalSection(ProjectConfigurationPlatforms) = postSolution
		{0BA289BC-185A-46DE-9B1E-705C110962DE}.Debug|Any CPU.ActiveCfg = Debug|Any CPU
		{0BA289BC-185A-46DE-9B1E-705C110962DE}.Debug|Any CPU.Build.0 = Debug|Any CPU
		{0BA289BC-185A-46DE-9B1E-705C110962DE}.Release|Any CPU.ActiveCfg = Release|Any CPU
		{0BA289BC-185A-46DE-9B1E-705C110962DE}.Release|Any CPU.Build.0 = Release|Any CPU
	EndGlobalSection
	GlobalSection(SolutionProperties) = preSolution
		HideSolutionNode = FALSE
	EndGlobalSection
	GlobalSection(ExtensibilityGlobals) = postSolution
		SolutionGuid = {73244140-3EB9-49E7-A701-6FC3C9FE80ED}
	EndGlobalSection
EndGlobal
