
Microsoft Visual Studio Solution File, Format Version 12.00
# Visual Studio 15
VisualStudioVersion = 15.0.28307.102
MinimumVisualStudioVersion = 10.0.40219.1
Project("{FAE04EC0-301F-11D3-BF4B-00C04F79EFBC}") = "Epam.Task1.FontAdjustment", "Epam.Task1.FontAdjustment\Epam.Task1.FontAdjustment.csproj", "{D4EBDEC2-3665-42DF-A573-2F8D25109A65}"
EndProject
Global
	GlobalSection(SolutionConfigurationPlatforms) = preSolution
		Debug|Any CPU = Debug|Any CPU
		Release|Any CPU = Release|Any CPU
	EndGlobalSection
	GlobalSection(ProjectConfigurationPlatforms) = postSolution
		{D4EBDEC2-3665-42DF-A573-2F8D25109A65}.Debug|Any CPU.ActiveCfg = Debug|Any CPU
		{D4EBDEC2-3665-42DF-A573-2F8D25109A65}.Debug|Any CPU.Build.0 = Debug|Any CPU
		{D4EBDEC2-3665-42DF-A573-2F8D25109A65}.Release|Any CPU.ActiveCfg = Release|Any CPU
		{D4EBDEC2-3665-42DF-A573-2F8D25109A65}.Release|Any CPU.Build.0 = Release|Any CPU
	EndGlobalSection
	GlobalSection(SolutionProperties) = preSolution
		HideSolutionNode = FALSE
	EndGlobalSection
	GlobalSection(ExtensibilityGlobals) = postSolution
		SolutionGuid = {6C007C3D-207E-43CB-8639-6E5CF6EA03F6}
	EndGlobalSection
EndGlobal
