
Microsoft Visual Studio Solution File, Format Version 12.00
# Visual Studio 15
VisualStudioVersion = 15.0.28307.136
MinimumVisualStudioVersion = 10.0.40219.1
Project("{9A19103F-16F7-4668-BE54-9A1E7A4F7556}") = "Round", "Round\Round.csproj", "{B5FB6E6A-C5E9-4F7A-9D20-CD276713CAF3}"
EndProject
Project("{9A19103F-16F7-4668-BE54-9A1E7A4F7556}") = "Triangle", "..\Triangle\Triangle\Triangle.csproj", "{01FFB498-FB7B-44E7-8ADC-C1790F163DCE}"
EndProject
Project("{9A19103F-16F7-4668-BE54-9A1E7A4F7556}") = "User", "..\User\User\User.csproj", "{B345C424-8FE8-476F-913E-C678886B54AF}"
EndProject
Project("{9A19103F-16F7-4668-BE54-9A1E7A4F7556}") = "Employee", "..\Employee\Employee\Employee.csproj", "{E3C8890F-1C81-4D3E-9396-58DFA4584E18}"
EndProject
Project("{9A19103F-16F7-4668-BE54-9A1E7A4F7556}") = "MyString", "MyString\MyString.csproj", "{93D9BCF3-5566-4946-9CBB-D7D487D6C697}"
EndProject
Project("{9A19103F-16F7-4668-BE54-9A1E7A4F7556}") = "Ring", "..\Ring\Ring\Ring.csproj", "{C376B32A-BCC0-4A0F-A805-CAA69D8CAECB}"
EndProject
Project("{9A19103F-16F7-4668-BE54-9A1E7A4F7556}") = "GraphicsEditor", "..\GraphicsEditor\GraphicsEditor\GraphicsEditor.csproj", "{C1111F27-19C0-458E-8E5F-7CE8DD2BFA45}"
EndProject
Project("{FAE04EC0-301F-11D3-BF4B-00C04F79EFBC}") = "Game", "..\Game\Game\Game.csproj", "{61EC3CA1-6DAD-48C7-AEE5-28A05EBF9EFE}"
EndProject
Global
	GlobalSection(SolutionConfigurationPlatforms) = preSolution
		Debug|Any CPU = Debug|Any CPU
		Release|Any CPU = Release|Any CPU
	EndGlobalSection
	GlobalSection(ProjectConfigurationPlatforms) = postSolution
		{B5FB6E6A-C5E9-4F7A-9D20-CD276713CAF3}.Debug|Any CPU.ActiveCfg = Debug|Any CPU
		{B5FB6E6A-C5E9-4F7A-9D20-CD276713CAF3}.Debug|Any CPU.Build.0 = Debug|Any CPU
		{B5FB6E6A-C5E9-4F7A-9D20-CD276713CAF3}.Release|Any CPU.ActiveCfg = Release|Any CPU
		{B5FB6E6A-C5E9-4F7A-9D20-CD276713CAF3}.Release|Any CPU.Build.0 = Release|Any CPU
		{01FFB498-FB7B-44E7-8ADC-C1790F163DCE}.Debug|Any CPU.ActiveCfg = Debug|Any CPU
		{01FFB498-FB7B-44E7-8ADC-C1790F163DCE}.Debug|Any CPU.Build.0 = Debug|Any CPU
		{01FFB498-FB7B-44E7-8ADC-C1790F163DCE}.Release|Any CPU.ActiveCfg = Release|Any CPU
		{01FFB498-FB7B-44E7-8ADC-C1790F163DCE}.Release|Any CPU.Build.0 = Release|Any CPU
		{B345C424-8FE8-476F-913E-C678886B54AF}.Debug|Any CPU.ActiveCfg = Debug|Any CPU
		{B345C424-8FE8-476F-913E-C678886B54AF}.Debug|Any CPU.Build.0 = Debug|Any CPU
		{B345C424-8FE8-476F-913E-C678886B54AF}.Release|Any CPU.ActiveCfg = Release|Any CPU
		{B345C424-8FE8-476F-913E-C678886B54AF}.Release|Any CPU.Build.0 = Release|Any CPU
		{E3C8890F-1C81-4D3E-9396-58DFA4584E18}.Debug|Any CPU.ActiveCfg = Debug|Any CPU
		{E3C8890F-1C81-4D3E-9396-58DFA4584E18}.Debug|Any CPU.Build.0 = Debug|Any CPU
		{E3C8890F-1C81-4D3E-9396-58DFA4584E18}.Release|Any CPU.ActiveCfg = Release|Any CPU
		{E3C8890F-1C81-4D3E-9396-58DFA4584E18}.Release|Any CPU.Build.0 = Release|Any CPU
		{93D9BCF3-5566-4946-9CBB-D7D487D6C697}.Debug|Any CPU.ActiveCfg = Debug|Any CPU
		{93D9BCF3-5566-4946-9CBB-D7D487D6C697}.Debug|Any CPU.Build.0 = Debug|Any CPU
		{93D9BCF3-5566-4946-9CBB-D7D487D6C697}.Release|Any CPU.ActiveCfg = Release|Any CPU
		{93D9BCF3-5566-4946-9CBB-D7D487D6C697}.Release|Any CPU.Build.0 = Release|Any CPU
		{C376B32A-BCC0-4A0F-A805-CAA69D8CAECB}.Debug|Any CPU.ActiveCfg = Debug|Any CPU
		{C376B32A-BCC0-4A0F-A805-CAA69D8CAECB}.Debug|Any CPU.Build.0 = Debug|Any CPU
		{C376B32A-BCC0-4A0F-A805-CAA69D8CAECB}.Release|Any CPU.ActiveCfg = Release|Any CPU
		{C376B32A-BCC0-4A0F-A805-CAA69D8CAECB}.Release|Any CPU.Build.0 = Release|Any CPU
		{C1111F27-19C0-458E-8E5F-7CE8DD2BFA45}.Debug|Any CPU.ActiveCfg = Debug|Any CPU
		{C1111F27-19C0-458E-8E5F-7CE8DD2BFA45}.Debug|Any CPU.Build.0 = Debug|Any CPU
		{C1111F27-19C0-458E-8E5F-7CE8DD2BFA45}.Release|Any CPU.ActiveCfg = Release|Any CPU
		{C1111F27-19C0-458E-8E5F-7CE8DD2BFA45}.Release|Any CPU.Build.0 = Release|Any CPU
		{61EC3CA1-6DAD-48C7-AEE5-28A05EBF9EFE}.Debug|Any CPU.ActiveCfg = Debug|Any CPU
		{61EC3CA1-6DAD-48C7-AEE5-28A05EBF9EFE}.Debug|Any CPU.Build.0 = Debug|Any CPU
		{61EC3CA1-6DAD-48C7-AEE5-28A05EBF9EFE}.Release|Any CPU.ActiveCfg = Release|Any CPU
		{61EC3CA1-6DAD-48C7-AEE5-28A05EBF9EFE}.Release|Any CPU.Build.0 = Release|Any CPU
	EndGlobalSection
	GlobalSection(SolutionProperties) = preSolution
		HideSolutionNode = FALSE
	EndGlobalSection
	GlobalSection(ExtensibilityGlobals) = postSolution
		SolutionGuid = {81C0D097-45A2-467E-BCFA-70C8C6F427B1}
	EndGlobalSection
EndGlobal
